
Microsoft Visual Studio Solution File, Format Version 12.00
# Visual Studio Version 17
VisualStudioVersion = 17.11.35327.3
MinimumVisualStudioVersion = 10.0.40219.1
Project("{8BC9CEB8-8B4A-11D0-8D11-00A0C91BC942}") = "Chp5_PatternDisplay", "Chp5_PatternDisplay\Chp5_PatternDisplay.vcxproj", "{EDCA587D-E043-4C87-BE6D-F4116BCDB9BA}"
EndProject
Global
	GlobalSection(SolutionConfigurationPlatforms) = preSolution
		Debug|x64 = Debug|x64
		Debug|x86 = Debug|x86
		Release|x64 = Release|x64
		Release|x86 = Release|x86
	EndGlobalSection
	GlobalSection(ProjectConfigurationPlatforms) = postSolution
		{EDCA587D-E043-4C87-BE6D-F4116BCDB9BA}.Debug|x64.ActiveCfg = Debug|x64
		{EDCA587D-E043-4C87-BE6D-F4116BCDB9BA}.Debug|x64.Build.0 = Debug|x64
		{EDCA587D-E043-4C87-BE6D-F4116BCDB9BA}.Debug|x86.ActiveCfg = Debug|Win32
		{EDCA587D-E043-4C87-BE6D-F4116BCDB9BA}.Debug|x86.Build.0 = Debug|Win32
		{EDCA587D-E043-4C87-BE6D-F4116BCDB9BA}.Release|x64.ActiveCfg = Release|x64
		{EDCA587D-E043-4C87-BE6D-F4116BCDB9BA}.Release|x64.Build.0 = Release|x64
		{EDCA587D-E043-4C87-BE6D-F4116BCDB9BA}.Release|x86.ActiveCfg = Release|Win32
		{EDCA587D-E043-4C87-BE6D-F4116BCDB9BA}.Release|x86.Build.0 = Release|Win32
	EndGlobalSection
	GlobalSection(SolutionProperties) = preSolution
		HideSolutionNode = FALSE
	EndGlobalSection
	GlobalSection(ExtensibilityGlobals) = postSolution
		SolutionGuid = {EB52F4A3-9E54-499E-A606-81ADDB64AF21}
	EndGlobalSection
EndGlobal
